{
  "name": "nodethreads",
  "version": "1.0.0",
  "lockfileVersion": 1,
  "requires": true,
  "dependencies": {
    "node-worker-threads-pool": {
      "version": "1.3.1",
      "resolved": "https://registry.npmjs.org/node-worker-threads-pool/-/node-worker-threads-pool-1.3.1.tgz",
      "integrity": "sha512-fE9BJK3thQrDiI9SrMCeFOKpRps9lnoeID9AEEH1SC8zVSnzmhuW5xyKhob198nVBe5j/+jGvSu5N0zaXvL9zQ=="
    }
  }
}
